// !$*UTF8*$!
{
	archiveVersion = 1;
	classes = {
	};
	objectVersion = 46;
	objects = {

/* Begin PBXBuildFile section */
		FAE4DEAF16263B4000B03AD0 /* UIKit.framework in Frameworks */ = {isa = PBXBuildFile; fileRef = FAE4DEAE16263B4000B03AD0 /* UIKit.framework */; };
		FAE4DEB116263B4000B03AD0 /* Foundation.framework in Frameworks */ = {isa = PBXBuildFile; fileRef = FAE4DEB016263B4000B03AD0 /* Foundation.framework */; };
		FAE4DEB316263B4000B03AD0 /* CoreGraphics.framework in Frameworks */ = {isa = PBXBuildFile; fileRef = FAE4DEB216263B4000B03AD0 /* CoreGraphics.framework */; };
		FAE4DEB916263B4000B03AD0 /* InfoPlist.strings in Resources */ = {isa = PBXBuildFile; fileRef = FAE4DEB716263B4000B03AD0 /* InfoPlist.strings */; };
		FAE4DEBB16263B4000B03AD0 /* main.m in Sources */ = {isa = PBXBuildFile; fileRef = FAE4DEBA16263B4000B03AD0 /* main.m */; };
		FAE4DEBF16263B4000B03AD0 /* AppDelegate.m in Sources */ = {isa = PBXBuildFile; fileRef = FAE4DEBE16263B4000B03AD0 /* AppDelegate.m */; };
		FAE4DEC116263B4000B03AD0 /* Default.png in Resources */ = {isa = PBXBuildFile; fileRef = FAE4DEC016263B4000B03AD0 /* Default.png */; };
		FAE4DEC316263B4000B03AD0 /* Default@2x.png in Resources */ = {isa = PBXBuildFile; fileRef = FAE4DEC216263B4000B03AD0 /* Default@2x.png */; };
		FAE4DEC516263B4000B03AD0 /* Default-568h@2x.png in Resources */ = {isa = PBXBuildFile; fileRef = FAE4DEC416263B4000B03AD0 /* Default-568h@2x.png */; };
		FAE4DEC816263B4000B03AD0 /* MainView.m in Sources */ = {isa = PBXBuildFile; fileRef = FAE4DEC716263B4000B03AD0 /* MainView.m */; };
		FAE4DECB16263B4000B03AD0 /* MainView.xib in Resources */ = {isa = PBXBuildFile; fileRef = FAE4DEC916263B4000B03AD0 /* MainView.xib */; };
		FAE4DED816263F2F00B03AD0 /* AddEventView.m in Sources */ = {isa = PBXBuildFile; fileRef = FAE4DED616263F2F00B03AD0 /* AddEventView.m */; };
		FAE4DED916263F2F00B03AD0 /* AddEventView.xib in Resources */ = {isa = PBXBuildFile; fileRef = FAE4DED716263F2F00B03AD0 /* AddEventView.xib */; };
/* End PBXBuildFile section */

/* Begin PBXFileReference section */
		FAE4DEAA16263B4000B03AD0 /* Project3_4.app */ = {isa = PBXFileReference; explicitFileType = wrapper.application; includeInIndex = 0; path = Project3_4.app; sourceTree = BUILT_PRODUCTS_DIR; };
		FAE4DEAE16263B4000B03AD0 /* UIKit.framework */ = {isa = PBXFileReference; lastKnownFileType = wrapper.framework; name = UIKit.framework; path = System/Library/Frameworks/UIKit.framework; sourceTree = SDKROOT; };
		FAE4DEB016263B4000B03AD0 /* Foundation.framework */ = {isa = PBXFileReference; lastKnownFileType = wrapper.framework; name = Foundation.framework; path = System/Library/Frameworks/Foundation.framework; sourceTree = SDKROOT; };
		FAE4DEB216263B4000B03AD0 /* CoreGraphics.framework */ = {isa = PBXFileReference; lastKnownFileType = wrapper.framework; name = CoreGraphics.framework; path = System/Library/Frameworks/CoreGraphics.framework; sourceTree = SDKROOT; };
		FAE4DEB616263B4000B03AD0 /* Project3_4-Info.plist */ = {isa = PBXFileReference; lastKnownFileType = text.plist.xml; path = "Project3_4-Info.plist"; sourceTree = "<group>"; };
		FAE4DEB816263B4000B03AD0 /* en */ = {isa = PBXFileReference; lastKnownFileType = text.plist.strings; name = en; path = en.lproj/InfoPlist.strings; sourceTree = "<group>"; };
		FAE4DEBA16263B4000B03AD0 /* main.m */ = {isa = PBXFileReference; lastKnownFileType = sourcecode.c.objc; path = main.m; sourceTree = "<group>"; };
		FAE4DEBC16263B4000B03AD0 /* Project3_4-Prefix.pch */ = {isa = PBXFileReference; lastKnownFileType = sourcecode.c.h; path = "Project3_4-Prefix.pch"; sourceTree = "<group>"; };
		FAE4DEBD16263B4000B03AD0 /* AppDelegate.h */ = {isa = PBXFileReference; lastKnownFileType = sourcecode.c.h; path = AppDelegate.h; sourceTree = "<group>"; };
		FAE4DEBE16263B4000B03AD0 /* AppDelegate.m */ = {isa = PBXFileReference; lastKnownFileType = sourcecode.c.objc; path = AppDelegate.m; sourceTree = "<group>"; };
		FAE4DEC016263B4000B03AD0 /* Default.png */ = {isa = PBXFileReference; lastKnownFileType = image.png; path = Default.png; sourceTree = "<group>"; };
		FAE4DEC216263B4000B03AD0 /* Default@2x.png */ = {isa = PBXFileReference; lastKnownFileType = image.png; path = "Default@2x.png"; sourceTree = "<group>"; };
		FAE4DEC416263B4000B03AD0 /* Default-568h@2x.png */ = {isa = PBXFileReference; lastKnownFileType = image.png; path = "Default-568h@2x.png"; sourceTree = "<group>"; };
		FAE4DEC616263B4000B03AD0 /* MainView.h */ = {isa = PBXFileReference; lastKnownFileType = sourcecode.c.h; path = MainView.h; sourceTree = "<group>"; };
		FAE4DEC716263B4000B03AD0 /* MainView.m */ = {isa = PBXFileReference; lastKnownFileType = sourcecode.c.objc; path = MainView.m; sourceTree = "<group>"; };
		FAE4DECA16263B4000B03AD0 /* en */ = {isa = PBXFileReference; lastKnownFileType = file.xib; name = en; path = en.lproj/MainView.xib; sourceTree = "<group>"; };
		FAE4DED516263F2F00B03AD0 /* AddEventView.h */ = {isa = PBXFileReference; fileEncoding = 4; lastKnownFileType = sourcecode.c.h; path = AddEventView.h; sourceTree = "<group>"; };
		FAE4DED616263F2F00B03AD0 /* AddEventView.m */ = {isa = PBXFileReference; fileEncoding = 4; lastKnownFileType = sourcecode.c.objc; path = AddEventView.m; sourceTree = "<group>"; };
		FAE4DED716263F2F00B03AD0 /* AddEventView.xib */ = {isa = PBXFileReference; fileEncoding = 4; lastKnownFileType = file.xib; path = AddEventView.xib; sourceTree = "<group>"; };
/* End PBXFileReference section */

/* Begin PBXFrameworksBuildPhase section */
		FAE4DEA716263B4000B03AD0 /* Frameworks */ = {
			isa = PBXFrameworksBuildPhase;
			buildActionMask = 2147483647;
			files = (
				FAE4DEAF16263B4000B03AD0 /* UIKit.framework in Frameworks */,
				FAE4DEB116263B4000B03AD0 /* Foundation.framework in Frameworks */,
				FAE4DEB316263B4000B03AD0 /* CoreGraphics.framework in Frameworks */,
			);
			runOnlyForDeploymentPostprocessing = 0;
		};
/* End PBXFrameworksBuildPhase section */

/* Begin PBXGroup section */
		FAE4DE9F16263B4000B03AD0 = {
			isa = PBXGroup;
			children = (
				FAE4DEB416263B4000B03AD0 /* Project3_4 */,
				FAE4DEAD16263B4000B03AD0 /* Frameworks */,
				FAE4DEAB16263B4000B03AD0 /* Products */,
			);
			sourceTree = "<group>";
		};
		FAE4DEAB16263B4000B03AD0 /* Products */ = {
			isa = PBXGroup;
			children = (
				FAE4DEAA16263B4000B03AD0 /* Project3_4.app */,
			);
			name = Products;
			sourceTree = "<group>";
		};
		FAE4DEAD16263B4000B03AD0 /* Frameworks */ = {
			isa = PBXGroup;
			children = (
				FAE4DEAE16263B4000B03AD0 /* UIKit.framework */,
				FAE4DEB016263B4000B03AD0 /* Foundation.framework */,
				FAE4DEB216263B4000B03AD0 /* CoreGraphics.framework */,
			);
			name = Frameworks;
			sourceTree = "<group>";
		};
		FAE4DEB416263B4000B03AD0 /* Project3_4 */ = {
			isa = PBXGroup;
			children = (
				FAE4DEBD16263B4000B03AD0 /* AppDelegate.h */,
				FAE4DEBE16263B4000B03AD0 /* AppDelegate.m */,
				FAE4DEC616263B4000B03AD0 /* MainView.h */,
				FAE4DEC716263B4000B03AD0 /* MainView.m */,
				FAE4DEC916263B4000B03AD0 /* MainView.xib */,
				FAE4DEB516263B4000B03AD0 /* Supporting Files */,
				FAE4DED516263F2F00B03AD0 /* AddEventView.h */,
				FAE4DED616263F2F00B03AD0 /* AddEventView.m */,
				FAE4DED716263F2F00B03AD0 /* AddEventView.xib */,
			);
			path = Project3_4;
			sourceTree = "<group>";
		};
		FAE4DEB516263B4000B03AD0 /* Supporting Files */ = {
			isa = PBXGroup;
			children = (
				FAE4DEB616263B4000B03AD0 /* Project3_4-Info.plist */,
				FAE4DEB716263B4000B03AD0 /* InfoPlist.strings */,
				FAE4DEBA16263B4000B03AD0 /* main.m */,
				FAE4DEBC16263B4000B03AD0 /* Project3_4-Prefix.pch */,
				FAE4DEC016263B4000B03AD0 /* Default.png */,
				FAE4DEC216263B4000B03AD0 /* Default@2x.png */,
				FAE4DEC416263B4000B03AD0 /* Default-568h@2x.png */,
			);
			name = "Supporting Files";
			sourceTree = "<group>";
		};
/* End PBXGroup section */

/* Begin PBXNativeTarget section */
		FAE4DEA916263B4000B03AD0 /* Project3_4 */ = {
			isa = PBXNativeTarget;
			buildConfigurationList = FAE4DECE16263B4000B03AD0 /* Build configuration list for PBXNativeTarget "Project3_4" */;
			buildPhases = (
				FAE4DEA616263B4000B03AD0 /* Sources */,
				FAE4DEA716263B4000B03AD0 /* Frameworks */,
				FAE4DEA816263B4000B03AD0 /* Resources */,
			);
			buildRules = (
			);
			dependencies = (
			);
			name = Project3_4;
			productName = Project3_4;
			productReference = FAE4DEAA16263B4000B03AD0 /* Project3_4.app */;
			productType = "com.apple.product-type.application";
		};
/* End PBXNativeTarget section */

/* Begin PBXProject section */
		FAE4DEA116263B4000B03AD0 /* Project object */ = {
			isa = PBXProject;
			attributes = {
				LastUpgradeCheck = 0450;
				ORGANIZATIONNAME = "Russell Carlin";
			};
			buildConfigurationList = FAE4DEA416263B4000B03AD0 /* Build configuration list for PBXProject "Project3_4" */;
			compatibilityVersion = "Xcode 3.2";
			developmentRegion = English;
			hasScannedForEncodings = 0;
			knownRegions = (
				en,
			);
			mainGroup = FAE4DE9F16263B4000B03AD0;
			productRefGroup = FAE4DEAB16263B4000B03AD0 /* Products */;
			projectDirPath = "";
			projectRoot = "";
			targets = (
				FAE4DEA916263B4000B03AD0 /* Project3_4 */,
			);
		};
/* End PBXProject section */

/* Begin PBXResourcesBuildPhase section */
		FAE4DEA816263B4000B03AD0 /* Resources */ = {
			isa = PBXResourcesBuildPhase;
			buildActionMask = 2147483647;
			files = (
				FAE4DEB916263B4000B03AD0 /* InfoPlist.strings in Resources */,
				FAE4DEC116263B4000B03AD0 /* Default.png in Resources */,
				FAE4DEC316263B4000B03AD0 /* Default@2x.png in Resources */,
				FAE4DEC516263B4000B03AD0 /* Default-568h@2x.png in Resources */,
				FAE4DECB16263B4000B03AD0 /* MainView.xib in Resources */,
				FAE4DED916263F2F00B03AD0 /* AddEventView.xib in Resources */,
			);
			runOnlyForDeploymentPostprocessing = 0;
		};
/* End PBXResourcesBuildPhase section */

/* Begin PBXSourcesBuildPhase section */
		FAE4DEA616263B4000B03AD0 /* Sources */ = {
			isa = PBXSourcesBuildPhase;
			buildActionMask = 2147483647;
			files = (
				FAE4DEBB16263B4000B03AD0 /* main.m in Sources */,
				FAE4DEBF16263B4000B03AD0 /* AppDelegate.m in Sources */,
				FAE4DEC816263B4000B03AD0 /* MainView.m in Sources */,
				FAE4DED816263F2F00B03AD0 /* AddEventView.m in Sources */,
			);
			runOnlyForDeploymentPostprocessing = 0;
		};
/* End PBXSourcesBuildPhase section */

/* Begin PBXVariantGroup section */
		FAE4DEB716263B4000B03AD0 /* InfoPlist.strings */ = {
			isa = PBXVariantGroup;
			children = (
				FAE4DEB816263B4000B03AD0 /* en */,
			);
			name = InfoPlist.strings;
			sourceTree = "<group>";
		};
		FAE4DEC916263B4000B03AD0 /* MainView.xib */ = {
			isa = PBXVariantGroup;
			children = (
				FAE4DECA16263B4000B03AD0 /* en */,
			);
			name = MainView.xib;
			sourceTree = "<group>";
		};
/* End PBXVariantGroup section */

/* Begin XCBuildConfiguration section */
		FAE4DECC16263B4000B03AD0 /* Debug */ = {
			isa = XCBuildConfiguration;
			buildSettings = {
				ALWAYS_SEARCH_USER_PATHS = NO;
				CLANG_CXX_LANGUAGE_STANDARD = "gnu++0x";
				CLANG_CXX_LIBRARY = "libc++";
				CLANG_ENABLE_OBJC_ARC = YES;
				CLANG_WARN_EMPTY_BODY = YES;
				CLANG_WARN__DUPLICATE_METHOD_MATCH = YES;
				"CODE_SIGN_IDENTITY[sdk=iphoneos*]" = "iPhone Developer";
				COPY_PHASE_STRIP = NO;
				GCC_C_LANGUAGE_STANDARD = gnu99;
				GCC_DYNAMIC_NO_PIC = NO;
				GCC_OPTIMIZATION_LEVEL = 0;
				GCC_PREPROCESSOR_DEFINITIONS = (
					"DEBUG=1",
					"$(inherited)",
				);
				GCC_SYMBOLS_PRIVATE_EXTERN = NO;
				GCC_WARN_ABOUT_RETURN_TYPE = YES;
				GCC_WARN_UNINITIALIZED_AUTOS = YES;
				GCC_WARN_UNUSED_VARIABLE = YES;
				IPHONEOS_DEPLOYMENT_TARGET = 6.0;
				ONLY_ACTIVE_ARCH = YES;
				SDKROOT = iphoneos;
			};
			name = Debug;
		};
		FAE4DECD16263B4000B03AD0 /* Release */ = {
			isa = XCBuildConfiguration;
			buildSettings = {
				ALWAYS_SEARCH_USER_PATHS = NO;
				CLANG_CXX_LANGUAGE_STANDARD = "gnu++0x";
				CLANG_CXX_LIBRARY = "libc++";
				CLANG_ENABLE_OBJC_ARC = YES;
				CLANG_WARN_EMPTY_BODY = YES;
				CLANG_WARN__DUPLICATE_METHOD_MATCH = YES;
				"CODE_SIGN_IDENTITY[sdk=iphoneos*]" = "iPhone Developer";
				COPY_PHASE_STRIP = YES;
				GCC_C_LANGUAGE_STANDARD = gnu99;
				GCC_WARN_ABOUT_RETURN_TYPE = YES;
				GCC_WARN_UNINITIALIZED_AUTOS = YES;
				GCC_WARN_UNUSED_VARIABLE = YES;
				IPHONEOS_DEPLOYMENT_TARGET = 6.0;
				OTHER_CFLAGS = "-DNS_BLOCK_ASSERTIONS=1";
				SDKROOT = iphoneos;
				VALIDATE_PRODUCT = YES;
			};
			name = Release;
		};
		FAE4DECF16263B4000B03AD0 /* Debug */ = {
			isa = XCBuildConfiguration;
			buildSettings = {
				GCC_PRECOMPILE_PREFIX_HEADER = YES;
				GCC_PREFIX_HEADER = "Project3_4/Project3_4-Prefix.pch";
				INFOPLIST_FILE = "Project3_4/Project3_4-Info.plist";
				PRODUCT_NAME = "$(TARGET_NAME)";
				WRAPPER_EXTENSION = app;
			};
			name = Debug;
		};
		FAE4DED016263B4000B03AD0 /* Release */ = {
			isa = XCBuildConfiguration;
			buildSettings = {
				GCC_PRECOMPILE_PREFIX_HEADER = YES;
				GCC_PREFIX_HEADER = "Project3_4/Project3_4-Prefix.pch";
				INFOPLIST_FILE = "Project3_4/Project3_4-Info.plist";
				PRODUCT_NAME = "$(TARGET_NAME)";
				WRAPPER_EXTENSION = app;
			};
			name = Release;
		};
/* End XCBuildConfiguration section */

/* Begin XCConfigurationList section */
		FAE4DEA416263B4000B03AD0 /* Build configuration list for PBXProject "Project3_4" */ = {
			isa = XCConfigurationList;
			buildConfigurations = (
				FAE4DECC16263B4000B03AD0 /* Debug */,
				FAE4DECD16263B4000B03AD0 /* Release */,
			);
			defaultConfigurationIsVisible = 0;
			defaultConfigurationName = Release;
		};
		FAE4DECE16263B4000B03AD0 /* Build configuration list for PBXNativeTarget "Project3_4" */ = {
			isa = XCConfigurationList;
			buildConfigurations = (
				FAE4DECF16263B4000B03AD0 /* Debug */,
				FAE4DED016263B4000B03AD0 /* Release */,
			);
			defaultConfigurationIsVisible = 0;
		};
/* End XCConfigurationList section */
	};
	rootObject = FAE4DEA116263B4000B03AD0 /* Project object */;
}
